// !$*UTF8*$!
{
	archiveVersion = 1;
	classes = {
	};
	objectVersion = 46;
	objects = {

/* Begin PBXBuildFile section */
		69328D161DBCF36100E8DF20 /* AppDelegate.swift in Sources */ = {isa = PBXBuildFile; fileRef = 69328D151DBCF36100E8DF20 /* AppDelegate.swift */; };
		69328D181DBCF36100E8DF20 /* ViewController.swift in Sources */ = {isa = PBXBuildFile; fileRef = 69328D171DBCF36100E8DF20 /* ViewController.swift */; };
		69328D1B1DBCF36100E8DF20 /* Main.storyboard in Resources */ = {isa = PBXBuildFile; fileRef = 69328D191DBCF36100E8DF20 /* Main.storyboard */; };
		69328D1D1DBCF36100E8DF20 /* Assets.xcassets in Resources */ = {isa = PBXBuildFile; fileRef = 69328D1C1DBCF36100E8DF20 /* Assets.xcassets */; };
		69328D201DBCF36100E8DF20 /* LaunchScreen.storyboard in Resources */ = {isa = PBXBuildFile; fileRef = 69328D1E1DBCF36100E8DF20 /* LaunchScreen.storyboard */; };
		69328D2B1DBCF36100E8DF20 /* saveTheKittensTests.swift in Sources */ = {isa = PBXBuildFile; fileRef = 69328D2A1DBCF36100E8DF20 /* saveTheKittensTests.swift */; };
/* End PBXBuildFile section */

/* Begin PBXContainerItemProxy section */
		69328D271DBCF36100E8DF20 /* PBXContainerItemProxy */ = {
			isa = PBXContainerItemProxy;
			containerPortal = 69328D0A1DBCF36100E8DF20 /* Project object */;
			proxyType = 1;
			remoteGlobalIDString = 69328D111DBCF36100E8DF20;
			remoteInfo = saveTheKittens;
		};
/* End PBXContainerItemProxy section */

/* Begin PBXFileReference section */
		69328D121DBCF36100E8DF20 /* saveTheKittens.app */ = {isa = PBXFileReference; explicitFileType = wrapper.application; includeInIndex = 0; path = saveTheKittens.app; sourceTree = BUILT_PRODUCTS_DIR; };
		69328D151DBCF36100E8DF20 /* AppDelegate.swift */ = {isa = PBXFileReference; lastKnownFileType = sourcecode.swift; path = AppDelegate.swift; sourceTree = "<group>"; };
		69328D171DBCF36100E8DF20 /* ViewController.swift */ = {isa = PBXFileReference; lastKnownFileType = sourcecode.swift; path = ViewController.swift; sourceTree = "<group>"; };
		69328D1A1DBCF36100E8DF20 /* Base */ = {isa = PBXFileReference; lastKnownFileType = file.storyboard; name = Base; path = Base.lproj/Main.storyboard; sourceTree = "<group>"; };
		69328D1C1DBCF36100E8DF20 /* Assets.xcassets */ = {isa = PBXFileReference; lastKnownFileType = folder.assetcatalog; path = Assets.xcassets; sourceTree = "<group>"; };
		69328D1F1DBCF36100E8DF20 /* Base */ = {isa = PBXFileReference; lastKnownFileType = file.storyboard; name = Base; path = Base.lproj/LaunchScreen.storyboard; sourceTree = "<group>"; };
		69328D211DBCF36100E8DF20 /* Info.plist */ = {isa = PBXFileReference; lastKnownFileType = text.plist.xml; path = Info.plist; sourceTree = "<group>"; };
		69328D261DBCF36100E8DF20 /* saveTheKittensTests.xctest */ = {isa = PBXFileReference; explicitFileType = wrapper.cfbundle; includeInIndex = 0; path = saveTheKittensTests.xctest; sourceTree = BUILT_PRODUCTS_DIR; };
		69328D2A1DBCF36100E8DF20 /* saveTheKittensTests.swift */ = {isa = PBXFileReference; lastKnownFileType = sourcecode.swift; path = saveTheKittensTests.swift; sourceTree = "<group>"; };
		69328D2C1DBCF36100E8DF20 /* Info.plist */ = {isa = PBXFileReference; lastKnownFileType = text.plist.xml; path = Info.plist; sourceTree = "<group>"; };
/* End PBXFileReference section */

/* Begin PBXFrameworksBuildPhase section */
		69328D0F1DBCF36100E8DF20 /* Frameworks */ = {
			isa = PBXFrameworksBuildPhase;
			buildActionMask = 2147483647;
			files = (
			);
			runOnlyForDeploymentPostprocessing = 0;
		};
		69328D231DBCF36100E8DF20 /* Frameworks */ = {
			isa = PBXFrameworksBuildPhase;
			buildActionMask = 2147483647;
			files = (
			);
			runOnlyForDeploymentPostprocessing = 0;
		};
/* End PBXFrameworksBuildPhase section */

/* Begin PBXGroup section */
		69328D091DBCF36100E8DF20 = {
			isa = PBXGroup;
			children = (
				69328D141DBCF36100E8DF20 /* saveTheKittens */,
				69328D291DBCF36100E8DF20 /* saveTheKittensTests */,
				69328D131DBCF36100E8DF20 /* Products */,
			);
			sourceTree = "<group>";
		};
		69328D131DBCF36100E8DF20 /* Products */ = {
			isa = PBXGroup;
			children = (
				69328D121DBCF36100E8DF20 /* saveTheKittens.app */,
				69328D261DBCF36100E8DF20 /* saveTheKittensTests.xctest */,
			);
			name = Products;
			sourceTree = "<group>";
		};
		69328D141DBCF36100E8DF20 /* saveTheKittens */ = {
			isa = PBXGroup;
			children = (
				69328D151DBCF36100E8DF20 /* AppDelegate.swift */,
				69328D171DBCF36100E8DF20 /* ViewController.swift */,
				69328D191DBCF36100E8DF20 /* Main.storyboard */,
				69328D1C1DBCF36100E8DF20 /* Assets.xcassets */,
				69328D1E1DBCF36100E8DF20 /* LaunchScreen.storyboard */,
				69328D211DBCF36100E8DF20 /* Info.plist */,
			);
			path = saveTheKittens;
			sourceTree = "<group>";
		};
		69328D291DBCF36100E8DF20 /* saveTheKittensTests */ = {
			isa = PBXGroup;
			children = (
				69328D2A1DBCF36100E8DF20 /* saveTheKittensTests.swift */,
				69328D2C1DBCF36100E8DF20 /* Info.plist */,
			);
			path = saveTheKittensTests;
			sourceTree = "<group>";
		};
/* End PBXGroup section */

/* Begin PBXNativeTarget section */
		69328D111DBCF36100E8DF20 /* saveTheKittens */ = {
			isa = PBXNativeTarget;
			buildConfigurationList = 69328D2F1DBCF36100E8DF20 /* Build configuration list for PBXNativeTarget "saveTheKittens" */;
			buildPhases = (
				69328D0E1DBCF36100E8DF20 /* Sources */,
				69328D0F1DBCF36100E8DF20 /* Frameworks */,
				69328D101DBCF36100E8DF20 /* Resources */,
			);
			buildRules = (
			);
			dependencies = (
			);
			name = saveTheKittens;
			productName = saveTheKittens;
			productReference = 69328D121DBCF36100E8DF20 /* saveTheKittens.app */;
			productType = "com.apple.product-type.application";
		};
		69328D251DBCF36100E8DF20 /* saveTheKittensTests */ = {
			isa = PBXNativeTarget;
			buildConfigurationList = 69328D321DBCF36100E8DF20 /* Build configuration list for PBXNativeTarget "saveTheKittensTests" */;
			buildPhases = (
				69328D221DBCF36100E8DF20 /* Sources */,
				69328D231DBCF36100E8DF20 /* Frameworks */,
				69328D241DBCF36100E8DF20 /* Resources */,
			);
			buildRules = (
			);
			dependencies = (
				69328D281DBCF36100E8DF20 /* PBXTargetDependency */,
			);
			name = saveTheKittensTests;
			productName = saveTheKittensTests;
			productReference = 69328D261DBCF36100E8DF20 /* saveTheKittensTests.xctest */;
			productType = "com.apple.product-type.bundle.unit-test";
		};
/* End PBXNativeTarget section */

/* Begin PBXProject section */
		69328D0A1DBCF36100E8DF20 /* Project object */ = {
			isa = PBXProject;
			attributes = {
				LastSwiftUpdateCheck = 0730;
				LastUpgradeCheck = 0730;
				ORGANIZATIONNAME = "helApple Inc.";
				TargetAttributes = {
					69328D111DBCF36100E8DF20 = {
						CreatedOnToolsVersion = 7.3.1;
					};
					69328D251DBCF36100E8DF20 = {
						CreatedOnToolsVersion = 7.3.1;
						TestTargetID = 69328D111DBCF36100E8DF20;
					};
				};
			};
			buildConfigurationList = 69328D0D1DBCF36100E8DF20 /* Build configuration list for PBXProject "saveTheKittens" */;
			compatibilityVersion = "Xcode 3.2";
			developmentRegion = English;
			hasScannedForEncodings = 0;
			knownRegions = (
				en,
				Base,
			);
			mainGroup = 69328D091DBCF36100E8DF20;
			productRefGroup = 69328D131DBCF36100E8DF20 /* Products */;
			projectDirPath = "";
			projectRoot = "";
			targets = (
				69328D111DBCF36100E8DF20 /* saveTheKittens */,
				69328D251DBCF36100E8DF20 /* saveTheKittensTests */,
			);
		};
/* End PBXProject section */

/* Begin PBXResourcesBuildPhase section */
		69328D101DBCF36100E8DF20 /* Resources */ = {
			isa = PBXResourcesBuildPhase;
			buildActionMask = 2147483647;
			files = (
				69328D201DBCF36100E8DF20 /* LaunchScreen.storyboard in Resources */,
				69328D1D1DBCF36100E8DF20 /* Assets.xcassets in Resources */,
				69328D1B1DBCF36100E8DF20 /* Main.storyboard in Resources */,
			);
			runOnlyForDeploymentPostprocessing = 0;
		};
		69328D241DBCF36100E8DF20 /* Resources */ = {
			isa = PBXResourcesBuildPhase;
			buildActionMask = 2147483647;
			files = (
			);
			runOnlyForDeploymentPostprocessing = 0;
		};
/* End PBXResourcesBuildPhase section */

/* Begin PBXSourcesBuildPhase section */
		69328D0E1DBCF36100E8DF20 /* Sources */ = {
			isa = PBXSourcesBuildPhase;
			buildActionMask = 2147483647;
			files = (
				69328D181DBCF36100E8DF20 /* ViewController.swift in Sources */,
				69328D161DBCF36100E8DF20 /* AppDelegate.swift in Sources */,
			);
			runOnlyForDeploymentPostprocessing = 0;
		};
		69328D221DBCF36100E8DF20 /* Sources */ = {
			isa = PBXSourcesBuildPhase;
			buildActionMask = 2147483647;
			files = (
				69328D2B1DBCF36100E8DF20 /* saveTheKittensTests.swift in Sources */,
			);
			runOnlyForDeploymentPostprocessing = 0;
		};
/* End PBXSourcesBuildPhase section */

/* Begin PBXTargetDependency section */
		69328D281DBCF36100E8DF20 /* PBXTargetDependency */ = {
			isa = PBXTargetDependency;
			target = 69328D111DBCF36100E8DF20 /* saveTheKittens */;
			targetProxy = 69328D271DBCF36100E8DF20 /* PBXContainerItemProxy */;
		};
/* End PBXTargetDependency section */

/* Begin PBXVariantGroup section */
		69328D191DBCF36100E8DF20 /* Main.storyboard */ = {
			isa = PBXVariantGroup;
			children = (
				69328D1A1DBCF36100E8DF20 /* Base */,
			);
			name = Main.storyboard;
			sourceTree = "<group>";
		};
		69328D1E1DBCF36100E8DF20 /* LaunchScreen.storyboard */ = {
			isa = PBXVariantGroup;
			children = (
				69328D1F1DBCF36100E8DF20 /* Base */,
			);
			name = LaunchScreen.storyboard;
			sourceTree = "<group>";
		};
/* End PBXVariantGroup section */

/* Begin XCBuildConfiguration section */
		69328D2D1DBCF36100E8DF20 /* Debug */ = {
			isa = XCBuildConfiguration;
			buildSettings = {
				ALWAYS_SEARCH_USER_PATHS = NO;
				CLANG_ANALYZER_NONNULL = YES;
				CLANG_CXX_LANGUAGE_STANDARD = "gnu++0x";
				CLANG_CXX_LIBRARY = "libc++";
				CLANG_ENABLE_MODULES = YES;
				CLANG_ENABLE_OBJC_ARC = YES;
				CLANG_WARN_BOOL_CONVERSION = YES;
				CLANG_WARN_CONSTANT_CONVERSION = YES;
				CLANG_WARN_DIRECT_OBJC_ISA_USAGE = YES_ERROR;
				CLANG_WARN_EMPTY_BODY = YES;
				CLANG_WARN_ENUM_CONVERSION = YES;
				CLANG_WARN_INT_CONVERSION = YES;
				CLANG_WARN_OBJC_ROOT_CLASS = YES_ERROR;
				CLANG_WARN_UNREACHABLE_CODE = YES;
				CLANG_WARN__DUPLICATE_METHOD_MATCH = YES;
				"CODE_SIGN_IDENTITY[sdk=iphoneos*]" = "iPhone Developer";
				COPY_PHASE_STRIP = NO;
				DEBUG_INFORMATION_FORMAT = dwarf;
				ENABLE_STRICT_OBJC_MSGSEND = YES;
				ENABLE_TESTABILITY = YES;
				GCC_C_LANGUAGE_STANDARD = gnu99;
				GCC_DYNAMIC_NO_PIC = NO;
				GCC_NO_COMMON_BLOCKS = YES;
				GCC_OPTIMIZATION_LEVEL = 0;
				GCC_PREPROCESSOR_DEFINITIONS = (
					"DEBUG=1",
					"$(inherited)",
				);
				GCC_WARN_64_TO_32_BIT_CONVERSION = YES;
				GCC_WARN_ABOUT_RETURN_TYPE = YES_ERROR;
				GCC_WARN_UNDECLARED_SELECTOR = YES;
				GCC_WARN_UNINITIALIZED_AUTOS = YES_AGGRESSIVE;
				GCC_WARN_UNUSED_FUNCTION = YES;
				GCC_WARN_UNUSED_VARIABLE = YES;
				IPHONEOS_DEPLOYMENT_TARGET = 9.3;
				MTL_ENABLE_DEBUG_INFO = YES;
				ONLY_ACTIVE_ARCH = YES;
				SDKROOT = iphoneos;
				SWIFT_OPTIMIZATION_LEVEL = "-Onone";
				TARGETED_DEVICE_FAMILY = "1,2";
			};
			name = Debug;
		};
		69328D2E1DBCF36100E8DF20 /* Release */ = {
			isa = XCBuildConfiguration;
			buildSettings = {
				ALWAYS_SEARCH_USER_PATHS = NO;
				CLANG_ANALYZER_NONNULL = YES;
				CLANG_CXX_LANGUAGE_STANDARD = "gnu++0x";
				CLANG_CXX_LIBRARY = "libc++";
				CLANG_ENABLE_MODULES = YES;
				CLANG_ENABLE_OBJC_ARC = YES;
				CLANG_WARN_BOOL_CONVERSION = YES;
				CLANG_WARN_CONSTANT_CONVERSION = YES;
				CLANG_WARN_DIRECT_OBJC_ISA_USAGE = YES_ERROR;
				CLANG_WARN_EMPTY_BODY = YES;
				CLANG_WARN_ENUM_CONVERSION = YES;
				CLANG_WARN_INT_CONVERSION = YES;
				CLANG_WARN_OBJC_ROOT_CLASS = YES_ERROR;
				CLANG_WARN_UNREACHABLE_CODE = YES;
				CLANG_WARN__DUPLICATE_METHOD_MATCH = YES;
				"CODE_SIGN_IDENTITY[sdk=iphoneos*]" = "iPhone Developer";
				COPY_PHASE_STRIP = NO;
				DEBUG_INFORMATION_FORMAT = "dwarf-with-dsym";
				ENABLE_NS_ASSERTIONS = NO;
				ENABLE_STRICT_OBJC_MSGSEND = YES;
				GCC_C_LANGUAGE_STANDARD = gnu99;
				GCC_NO_COMMON_BLOCKS = YES;
				GCC_WARN_64_TO_32_BIT_CONVERSION = YES;
				GCC_WARN_ABOUT_RETURN_TYPE = YES_ERROR;
				GCC_WARN_UNDECLARED_SELECTOR = YES;
				GCC_WARN_UNINITIALIZED_AUTOS = YES_AGGRESSIVE;
				GCC_WARN_UNUSED_FUNCTION = YES;
				GCC_WARN_UNUSED_VARIABLE = YES;
				IPHONEOS_DEPLOYMENT_TARGET = 9.3;
				MTL_ENABLE_DEBUG_INFO = NO;
				SDKROOT = iphoneos;
				TARGETED_DEVICE_FAMILY = "1,2";
				VALIDATE_PRODUCT = YES;
			};
			name = Release;
		};
		69328D301DBCF36100E8DF20 /* Debug */ = {
			isa = XCBuildConfiguration;
			buildSettings = {
				ASSETCATALOG_COMPILER_APPICON_NAME = AppIcon;
				INFOPLIST_FILE = saveTheKittens/Info.plist;
				LD_RUNPATH_SEARCH_PATHS = "$(inherited) @executable_path/Frameworks";
				PRODUCT_BUNDLE_IDENTIFIER = "Apple-Inc.sarang-kartikey.saveTheKittens";
				PRODUCT_NAME = "$(TARGET_NAME)";
			};
			name = Debug;
		};
		69328D311DBCF36100E8DF20 /* Release */ = {
			isa = XCBuildConfiguration;
			buildSettings = {
				ASSETCATALOG_COMPILER_APPICON_NAME = AppIcon;
				INFOPLIST_FILE = saveTheKittens/Info.plist;
				LD_RUNPATH_SEARCH_PATHS = "$(inherited) @executable_path/Frameworks";
				PRODUCT_BUNDLE_IDENTIFIER = "Apple-Inc.sarang-kartikey.saveTheKittens";
				PRODUCT_NAME = "$(TARGET_NAME)";
			};
			name = Release;
		};
		69328D331DBCF36100E8DF20 /* Debug */ = {
			isa = XCBuildConfiguration;
			buildSettings = {
				BUNDLE_LOADER = "$(TEST_HOST)";
				INFOPLIST_FILE = saveTheKittensTests/Info.plist;
				LD_RUNPATH_SEARCH_PATHS = "$(inherited) @executable_path/Frameworks @loader_path/Frameworks";
				PRODUCT_BUNDLE_IDENTIFIER = "Apple-Inc.sarang-kartikey.saveTheKittensTests";
				PRODUCT_NAME = "$(TARGET_NAME)";
				TEST_HOST = "$(BUILT_PRODUCTS_DIR)/saveTheKittens.app/saveTheKittens";
			};
			name = Debug;
		};
		69328D341DBCF36100E8DF20 /* Release */ = {
			isa = XCBuildConfiguration;
			buildSettings = {
				BUNDLE_LOADER = "$(TEST_HOST)";
				INFOPLIST_FILE = saveTheKittensTests/Info.plist;
				LD_RUNPATH_SEARCH_PATHS = "$(inherited) @executable_path/Frameworks @loader_path/Frameworks";
				PRODUCT_BUNDLE_IDENTIFIER = "Apple-Inc.sarang-kartikey.saveTheKittensTests";
				PRODUCT_NAME = "$(TARGET_NAME)";
				TEST_HOST = "$(BUILT_PRODUCTS_DIR)/saveTheKittens.app/saveTheKittens";
			};
			name = Release;
		};
/* End XCBuildConfiguration section */

/* Begin XCConfigurationList section */
		69328D0D1DBCF36100E8DF20 /* Build configuration list for PBXProject "saveTheKittens" */ = {
			isa = XCConfigurationList;
			buildConfigurations = (
				69328D2D1DBCF36100E8DF20 /* Debug */,
				69328D2E1DBCF36100E8DF20 /* Release */,
			);
			defaultConfigurationIsVisible = 0;
			defaultConfigurationName = Release;
		};
		69328D2F1DBCF36100E8DF20 /* Build configuration list for PBXNativeTarget "saveTheKittens" */ = {
			isa = XCConfigurationList;
			buildConfigurations = (
				69328D301DBCF36100E8DF20 /* Debug */,
				69328D311DBCF36100E8DF20 /* Release */,
			);
			defaultConfigurationIsVisible = 0;
		};
		69328D321DBCF36100E8DF20 /* Build configuration list for PBXNativeTarget "saveTheKittensTests" */ = {
			isa = XCConfigurationList;
			buildConfigurations = (
				69328D331DBCF36100E8DF20 /* Debug */,
				69328D341DBCF36100E8DF20 /* Release */,
			);
			defaultConfigurationIsVisible = 0;
		};
/* End XCConfigurationList section */
	};
	rootObject = 69328D0A1DBCF36100E8DF20 /* Project object */;
}
